
Microsoft Visual Studio Solution File, Format Version 12.00
# Visual Studio Version 17
VisualStudioVersion = 17.4.33110.190
MinimumVisualStudioVersion = 10.0.40219.1
Project("{9A19103F-16F7-4668-BE54-9A1E7A4F7556}") = "level1", "aoc2015\level1.csproj", "{5D0DAD31-9105-45E0-B4E5-B7E2C1874199}"
EndProject
Project("{9A19103F-16F7-4668-BE54-9A1E7A4F7556}") = "level2", "level2\level2.csproj", "{ADD6CC12-8067-4664-BEB5-8F90CE633403}"
EndProject
Project("{9A19103F-16F7-4668-BE54-9A1E7A4F7556}") = "level3", "level3\level3.csproj", "{731547BE-2D68-4B3D-BA31-26676E4783A8}"
EndProject
Project("{9A19103F-16F7-4668-BE54-9A1E7A4F7556}") = "level4", "level4\level4.csproj", "{613FE923-A9E2-4CA1-9E77-A2E6DBFE8D8F}"
EndProject
Project("{9A19103F-16F7-4668-BE54-9A1E7A4F7556}") = "level5", "level5\level5.csproj", "{3D558288-A736-48DA-B384-A717E716085B}"
EndProject
Project("{FAE04EC0-301F-11D3-BF4B-00C04F79EFBC}") = "level6", "level6\level6.csproj", "{12B61722-86E3-4FBF-B634-63A89C75D301}"
EndProject
Project("{FAE04EC0-301F-11D3-BF4B-00C04F79EFBC}") = "level7", "level7\level7.csproj", "{38619668-9610-4395-A1B0-5AA00257ED58}"
EndProject
Global
	GlobalSection(SolutionConfigurationPlatforms) = preSolution
		Debug|Any CPU = Debug|Any CPU
		Release|Any CPU = Release|Any CPU
	EndGlobalSection
	GlobalSection(ProjectConfigurationPlatforms) = postSolution
		{5D0DAD31-9105-45E0-B4E5-B7E2C1874199}.Debug|Any CPU.ActiveCfg = Debug|Any CPU
		{5D0DAD31-9105-45E0-B4E5-B7E2C1874199}.Debug|Any CPU.Build.0 = Debug|Any CPU
		{5D0DAD31-9105-45E0-B4E5-B7E2C1874199}.Release|Any CPU.ActiveCfg = Release|Any CPU
		{5D0DAD31-9105-45E0-B4E5-B7E2C1874199}.Release|Any CPU.Build.0 = Release|Any CPU
		{ADD6CC12-8067-4664-BEB5-8F90CE633403}.Debug|Any CPU.ActiveCfg = Debug|Any CPU
		{ADD6CC12-8067-4664-BEB5-8F90CE633403}.Debug|Any CPU.Build.0 = Debug|Any CPU
		{ADD6CC12-8067-4664-BEB5-8F90CE633403}.Release|Any CPU.ActiveCfg = Release|Any CPU
		{ADD6CC12-8067-4664-BEB5-8F90CE633403}.Release|Any CPU.Build.0 = Release|Any CPU
		{731547BE-2D68-4B3D-BA31-26676E4783A8}.Debug|Any CPU.ActiveCfg = Debug|Any CPU
		{731547BE-2D68-4B3D-BA31-26676E4783A8}.Debug|Any CPU.Build.0 = Debug|Any CPU
		{731547BE-2D68-4B3D-BA31-26676E4783A8}.Release|Any CPU.ActiveCfg = Release|Any CPU
		{731547BE-2D68-4B3D-BA31-26676E4783A8}.Release|Any CPU.Build.0 = Release|Any CPU
		{613FE923-A9E2-4CA1-9E77-A2E6DBFE8D8F}.Debug|Any CPU.ActiveCfg = Debug|Any CPU
		{613FE923-A9E2-4CA1-9E77-A2E6DBFE8D8F}.Debug|Any CPU.Build.0 = Debug|Any CPU
		{613FE923-A9E2-4CA1-9E77-A2E6DBFE8D8F}.Release|Any CPU.ActiveCfg = Release|Any CPU
		{613FE923-A9E2-4CA1-9E77-A2E6DBFE8D8F}.Release|Any CPU.Build.0 = Release|Any CPU
		{3D558288-A736-48DA-B384-A717E716085B}.Debug|Any CPU.ActiveCfg = Debug|Any CPU
		{3D558288-A736-48DA-B384-A717E716085B}.Debug|Any CPU.Build.0 = Debug|Any CPU
		{3D558288-A736-48DA-B384-A717E716085B}.Release|Any CPU.ActiveCfg = Release|Any CPU
		{3D558288-A736-48DA-B384-A717E716085B}.Release|Any CPU.Build.0 = Release|Any CPU
		{12B61722-86E3-4FBF-B634-63A89C75D301}.Debug|Any CPU.ActiveCfg = Debug|Any CPU
		{12B61722-86E3-4FBF-B634-63A89C75D301}.Debug|Any CPU.Build.0 = Debug|Any CPU
		{12B61722-86E3-4FBF-B634-63A89C75D301}.Release|Any CPU.ActiveCfg = Release|Any CPU
		{12B61722-86E3-4FBF-B634-63A89C75D301}.Release|Any CPU.Build.0 = Release|Any CPU
		{38619668-9610-4395-A1B0-5AA00257ED58}.Debug|Any CPU.ActiveCfg = Debug|Any CPU
		{38619668-9610-4395-A1B0-5AA00257ED58}.Debug|Any CPU.Build.0 = Debug|Any CPU
		{38619668-9610-4395-A1B0-5AA00257ED58}.Release|Any CPU.ActiveCfg = Release|Any CPU
		{38619668-9610-4395-A1B0-5AA00257ED58}.Release|Any CPU.Build.0 = Release|Any CPU
	EndGlobalSection
	GlobalSection(SolutionProperties) = preSolution
		HideSolutionNode = FALSE
	EndGlobalSection
	GlobalSection(ExtensibilityGlobals) = postSolution
		SolutionGuid = {630F145E-FE30-42AB-9B45-54BBC6C1A784}
	EndGlobalSection
EndGlobal
